
Microsoft Visual Studio Solution File, Format Version 12.00
# Visual Studio Version 17
VisualStudioVersion = 17.11.35208.52
MinimumVisualStudioVersion = 10.0.40219.1
Project("{FAE04EC0-301F-11D3-BF4B-00C04F79EFBC}") = "KnightsOfTheFallenCrown", "Knights of the fallen Crown\KnightsOfTheFallenCrown.csproj", "{0F525369-0228-4BEC-8C23-A6117C817B4B}"
EndProject
Project("{FAE04EC0-301F-11D3-BF4B-00C04F79EFBC}") = "KnightsOfTheFallenCrown.ApplicationServices", "KnightsOfTheFallenCrown.ApplicationServices\KnightsOfTheFallenCrown.ApplicationServices.csproj", "{79E67C92-71F7-4924-8A6D-B1A14AB3950B}"
EndProject
Project("{FAE04EC0-301F-11D3-BF4B-00C04F79EFBC}") = "KnightsOfTheFallenCrown.Core", "KnightsOfTheFallenCrown.Core\KnightsOfTheFallenCrown.Core.csproj", "{4CC716B5-F480-4816-BAC1-408BEC60D3D0}"
EndProject
Project("{FAE04EC0-301F-11D3-BF4B-00C04F79EFBC}") = "KnightsOfTheFallenCrown.Data", "KnightsOfTheFallenCrown.Data\KnightsOfTheFallenCrown.Data.csproj", "{7901088F-531D-4EEF-83CC-A7297A4E1DD6}"
EndProject
Global
	GlobalSection(SolutionConfigurationPlatforms) = preSolution
		Debug|Any CPU = Debug|Any CPU
		Release|Any CPU = Release|Any CPU
	EndGlobalSection
	GlobalSection(ProjectConfigurationPlatforms) = postSolution
		{0F525369-0228-4BEC-8C23-A6117C817B4B}.Debug|Any CPU.ActiveCfg = Debug|Any CPU
		{0F525369-0228-4BEC-8C23-A6117C817B4B}.Debug|Any CPU.Build.0 = Debug|Any CPU
		{0F525369-0228-4BEC-8C23-A6117C817B4B}.Release|Any CPU.ActiveCfg = Release|Any CPU
		{0F525369-0228-4BEC-8C23-A6117C817B4B}.Release|Any CPU.Build.0 = Release|Any CPU
		{79E67C92-71F7-4924-8A6D-B1A14AB3950B}.Debug|Any CPU.ActiveCfg = Debug|Any CPU
		{79E67C92-71F7-4924-8A6D-B1A14AB3950B}.Debug|Any CPU.Build.0 = Debug|Any CPU
		{79E67C92-71F7-4924-8A6D-B1A14AB3950B}.Release|Any CPU.ActiveCfg = Release|Any CPU
		{79E67C92-71F7-4924-8A6D-B1A14AB3950B}.Release|Any CPU.Build.0 = Release|Any CPU
		{4CC716B5-F480-4816-BAC1-408BEC60D3D0}.Debug|Any CPU.ActiveCfg = Debug|Any CPU
		{4CC716B5-F480-4816-BAC1-408BEC60D3D0}.Debug|Any CPU.Build.0 = Debug|Any CPU
		{4CC716B5-F480-4816-BAC1-408BEC60D3D0}.Release|Any CPU.ActiveCfg = Release|Any CPU
		{4CC716B5-F480-4816-BAC1-408BEC60D3D0}.Release|Any CPU.Build.0 = Release|Any CPU
		{7901088F-531D-4EEF-83CC-A7297A4E1DD6}.Debug|Any CPU.ActiveCfg = Debug|Any CPU
		{7901088F-531D-4EEF-83CC-A7297A4E1DD6}.Debug|Any CPU.Build.0 = Debug|Any CPU
		{7901088F-531D-4EEF-83CC-A7297A4E1DD6}.Release|Any CPU.ActiveCfg = Release|Any CPU
		{7901088F-531D-4EEF-83CC-A7297A4E1DD6}.Release|Any CPU.Build.0 = Release|Any CPU
	EndGlobalSection
	GlobalSection(SolutionProperties) = preSolution
		HideSolutionNode = FALSE
	EndGlobalSection
	GlobalSection(ExtensibilityGlobals) = postSolution
		SolutionGuid = {9BD46A13-DB43-4663-8FFE-745E85B3B438}
	EndGlobalSection
EndGlobal
